
Microsoft Visual Studio Solution File, Format Version 12.00
# Visual Studio Version 17
VisualStudioVersion = 17.7.34202.233
MinimumVisualStudioVersion = 10.0.40219.1
Project("{FAE04EC0-301F-11D3-BF4B-00C04F79EFBC}") = "GodBreakable", "GodBreakable\GodBreakable.csproj", "{35D45D49-D631-445B-A6C6-15BD9FD4ACF7}"
EndProject
Global
	GlobalSection(SolutionConfigurationPlatforms) = preSolution
		Debug|Any CPU = Debug|Any CPU
		Release|Any CPU = Release|Any CPU
	EndGlobalSection
	GlobalSection(ProjectConfigurationPlatforms) = postSolution
		{35D45D49-D631-445B-A6C6-15BD9FD4ACF7}.Debug|Any CPU.ActiveCfg = Debug|Any CPU
		{35D45D49-D631-445B-A6C6-15BD9FD4ACF7}.Debug|Any CPU.Build.0 = Debug|Any CPU
		{35D45D49-D631-445B-A6C6-15BD9FD4ACF7}.Release|Any CPU.ActiveCfg = Release|Any CPU
		{35D45D49-D631-445B-A6C6-15BD9FD4ACF7}.Release|Any CPU.Build.0 = Release|Any CPU
	EndGlobalSection
	GlobalSection(SolutionProperties) = preSolution
		HideSolutionNode = FALSE
	EndGlobalSection
	GlobalSection(ExtensibilityGlobals) = postSolution
		SolutionGuid = {66DEAE31-C471-4098-9ABF-183B3BBFC92F}
	EndGlobalSection
EndGlobal
